
Microsoft Visual Studio Solution File, Format Version 12.00
# Visual Studio 15
VisualStudioVersion = 15.0.28307.1831
MinimumVisualStudioVersion = 10.0.40219.1
Project("{8BC9CEB8-8B4A-11D0-8D11-00A0C91BC942}") = "Pointers", "Pointers\Pointers.vcxproj", "{54F925DE-441B-4AC4-BCBC-ACE02D0BD82E}"
EndProject
Project("{8BC9CEB8-8B4A-11D0-8D11-00A0C91BC942}") = "VariableParametrsList", "VeriebleParametrsList\VeriebleParametrsList.vcxproj", "{F085E111-7FD0-4E54-94C0-34EEDFF7D984}"
EndProject
Project("{8BC9CEB8-8B4A-11D0-8D11-00A0C91BC942}") = "DinamicMemory", "DinamicMemory\DinamicMemory.vcxproj", "{1A08B79D-B46C-49BA-A8DD-E05177633C6D}"
EndProject
Global
	GlobalSection(SolutionConfigurationPlatforms) = preSolution
		Debug|x64 = Debug|x64
		Debug|x86 = Debug|x86
		Release|x64 = Release|x64
		Release|x86 = Release|x86
	EndGlobalSection
	GlobalSection(ProjectConfigurationPlatforms) = postSolution
		{54F925DE-441B-4AC4-BCBC-ACE02D0BD82E}.Debug|x64.ActiveCfg = Debug|x64
		{54F925DE-441B-4AC4-BCBC-ACE02D0BD82E}.Debug|x64.Build.0 = Debug|x64
		{54F925DE-441B-4AC4-BCBC-ACE02D0BD82E}.Debug|x86.ActiveCfg = Debug|Win32
		{54F925DE-441B-4AC4-BCBC-ACE02D0BD82E}.Debug|x86.Build.0 = Debug|Win32
		{54F925DE-441B-4AC4-BCBC-ACE02D0BD82E}.Release|x64.ActiveCfg = Release|x64
		{54F925DE-441B-4AC4-BCBC-ACE02D0BD82E}.Release|x64.Build.0 = Release|x64
		{54F925DE-441B-4AC4-BCBC-ACE02D0BD82E}.Release|x86.ActiveCfg = Release|Win32
		{54F925DE-441B-4AC4-BCBC-ACE02D0BD82E}.Release|x86.Build.0 = Release|Win32
		{F085E111-7FD0-4E54-94C0-34EEDFF7D984}.Debug|x64.ActiveCfg = Debug|x64
		{F085E111-7FD0-4E54-94C0-34EEDFF7D984}.Debug|x64.Build.0 = Debug|x64
		{F085E111-7FD0-4E54-94C0-34EEDFF7D984}.Debug|x86.ActiveCfg = Debug|Win32
		{F085E111-7FD0-4E54-94C0-34EEDFF7D984}.Debug|x86.Build.0 = Debug|Win32
		{F085E111-7FD0-4E54-94C0-34EEDFF7D984}.Release|x64.ActiveCfg = Release|x64
		{F085E111-7FD0-4E54-94C0-34EEDFF7D984}.Release|x64.Build.0 = Release|x64
		{F085E111-7FD0-4E54-94C0-34EEDFF7D984}.Release|x86.ActiveCfg = Release|Win32
		{F085E111-7FD0-4E54-94C0-34EEDFF7D984}.Release|x86.Build.0 = Release|Win32
		{1A08B79D-B46C-49BA-A8DD-E05177633C6D}.Debug|x64.ActiveCfg = Debug|x64
		{1A08B79D-B46C-49BA-A8DD-E05177633C6D}.Debug|x64.Build.0 = Debug|x64
		{1A08B79D-B46C-49BA-A8DD-E05177633C6D}.Debug|x86.ActiveCfg = Debug|Win32
		{1A08B79D-B46C-49BA-A8DD-E05177633C6D}.Debug|x86.Build.0 = Debug|Win32
		{1A08B79D-B46C-49BA-A8DD-E05177633C6D}.Release|x64.ActiveCfg = Release|x64
		{1A08B79D-B46C-49BA-A8DD-E05177633C6D}.Release|x64.Build.0 = Release|x64
		{1A08B79D-B46C-49BA-A8DD-E05177633C6D}.Release|x86.ActiveCfg = Release|Win32
		{1A08B79D-B46C-49BA-A8DD-E05177633C6D}.Release|x86.Build.0 = Release|Win32
	EndGlobalSection
	GlobalSection(SolutionProperties) = preSolution
		HideSolutionNode = FALSE
	EndGlobalSection
	GlobalSection(ExtensibilityGlobals) = postSolution
		SolutionGuid = {2E9507E8-418C-4AA8-A43D-A72FA45BAE6A}
	EndGlobalSection
EndGlobal
